// !$*UTF8*$!
{
	archiveVersion = 1;
	classes = {
	};
	objectVersion = 51;
	objects = {

/* Begin PBXBuildFile section */
		340491E525779D2C00CD1BD7 /* HomeView.swift in Sources */ = {isa = PBXBuildFile; fileRef = 340491E425779D2C00CD1BD7 /* HomeView.swift */; };
		340491F225779D4300CD1BD7 /* SettingsView.swift in Sources */ = {isa = PBXBuildFile; fileRef = 340491F125779D4300CD1BD7 /* SettingsView.swift */; };
		3404B4C6258784890021CDAE /* CustomTextField.swift in Sources */ = {isa = PBXBuildFile; fileRef = 3404B4C5258784890021CDAE /* CustomTextField.swift */; };
		3414F3B225F25B3F00BFB516 /* NoteDetailView.swift in Sources */ = {isa = PBXBuildFile; fileRef = 3414F3B125F25B3F00BFB516 /* NoteDetailView.swift */; };
		34152FB7259A08A5007E4953 /* TmpNote.swift in Sources */ = {isa = PBXBuildFile; fileRef = 34152FB6259A08A5007E4953 /* TmpNote.swift */; };
		3423403525EFC47000A04176 /* GifView.swift in Sources */ = {isa = PBXBuildFile; fileRef = 3423403425EFC47000A04176 /* GifView.swift */; };
		342693C725FCDDE5000A5E4E /* AdMobView.swift in Sources */ = {isa = PBXBuildFile; fileRef = 342693C625FCDDE5000A5E4E /* AdMobView.swift */; };
		34346F4C2604ACDC003279D7 /* Launch Screen.storyboard in Resources */ = {isa = PBXBuildFile; fileRef = 34346F4B2604ACDC003279D7 /* Launch Screen.storyboard */; };
		3444A05125FB70BF0008CE14 /* HowToGlanceItem_Light.gif in Resources */ = {isa = PBXBuildFile; fileRef = 3444A04F25FB70BE0008CE14 /* HowToGlanceItem_Light.gif */; };
		3445EBED25C9851B00D16915 /* CustomTextFieldWithToolbar.swift in Sources */ = {isa = PBXBuildFile; fileRef = 3445EBEC25C9851B00D16915 /* CustomTextFieldWithToolbar.swift */; };
		344FF41D25FF7106009B7E03 /* StringExtension.swift in Sources */ = {isa = PBXBuildFile; fileRef = 344FF41C25FF7106009B7E03 /* StringExtension.swift */; };
		3459D8F925DE8764002A9817 /* CustomSheetDismiss.swift in Sources */ = {isa = PBXBuildFile; fileRef = 3459D8F825DE8764002A9817 /* CustomSheetDismiss.swift */; };
		3473344B25DD522A00A11151 /* ContactUsView.swift in Sources */ = {isa = PBXBuildFile; fileRef = 3473344A25DD522A00A11151 /* ContactUsView.swift */; };
		3490ED8125A48EE400DB1B2F /* ViewModifierInheritance.swift in Sources */ = {isa = PBXBuildFile; fileRef = 3490ED8025A48EE400DB1B2F /* ViewModifierInheritance.swift */; };
		34A32AD826033BE4004E8C17 /* HowToDoSomethingView.swift in Sources */ = {isa = PBXBuildFile; fileRef = 34A32AD726033BE4004E8C17 /* HowToDoSomethingView.swift */; };
		34A32AF02603443C004E8C17 /* HowToGlanceItem_Dark.gif in Resources */ = {isa = PBXBuildFile; fileRef = 34A32AEF2603443C004E8C17 /* HowToGlanceItem_Dark.gif */; };
		34A32AF82603452B004E8C17 /* HowToAddItem_Dark.gif in Resources */ = {isa = PBXBuildFile; fileRef = 34A32AF72603452B004E8C17 /* HowToAddItem_Dark.gif */; };
		34A5B63A257E3AC60023D1AC /* NoteRow.swift in Sources */ = {isa = PBXBuildFile; fileRef = 34A5B639257E3AC60023D1AC /* NoteRow.swift */; };
		34A5B649257E522A0023D1AC /* ColorExtension.swift in Sources */ = {isa = PBXBuildFile; fileRef = 34A5B648257E522A0023D1AC /* ColorExtension.swift */; };
		34BDA91725BDB8590049A0A3 /* ButtonStyleInheritance.swift in Sources */ = {isa = PBXBuildFile; fileRef = 34BDA91625BDB8590049A0A3 /* ButtonStyleInheritance.swift */; };
		34BDA92A25BDB91C0049A0A3 /* CustomGestureModifier.swift in Sources */ = {isa = PBXBuildFile; fileRef = 34BDA92925BDB91C0049A0A3 /* CustomGestureModifier.swift */; };
		34C33C6125A02F7E00302560 /* Note+CoreDataClass.swift in Sources */ = {isa = PBXBuildFile; fileRef = 34C33C5F25A02F7E00302560 /* Note+CoreDataClass.swift */; };
		34C33C6225A02F7E00302560 /* Note+CoreDataProperties.swift in Sources */ = {isa = PBXBuildFile; fileRef = 34C33C6025A02F7E00302560 /* Note+CoreDataProperties.swift */; };
		34D3E77F25FCB38A00A7C7C6 /* HowToAddItem_Light.gif in Resources */ = {isa = PBXBuildFile; fileRef = 34D3E77E25FCB38A00A7C7C6 /* HowToAddItem_Light.gif */; };
		34D5B91825A1EC3B0071326A /* NoteDetail.swift in Sources */ = {isa = PBXBuildFile; fileRef = 34D5B91725A1EC3B0071326A /* NoteDetail.swift */; };
		34D88F3E256D2A65009B10AF /* VoCapApp.swift in Sources */ = {isa = PBXBuildFile; fileRef = 34D88F3D256D2A65009B10AF /* VoCapApp.swift */; };
		34D88F42256D2A68009B10AF /* Assets.xcassets in Resources */ = {isa = PBXBuildFile; fileRef = 34D88F41256D2A68009B10AF /* Assets.xcassets */; };
		34D88F45256D2A68009B10AF /* Preview Assets.xcassets in Resources */ = {isa = PBXBuildFile; fileRef = 34D88F44256D2A68009B10AF /* Preview Assets.xcassets */; };
		34D88F47256D2A68009B10AF /* Persistence.swift in Sources */ = {isa = PBXBuildFile; fileRef = 34D88F46256D2A68009B10AF /* Persistence.swift */; };
		34D88F4A256D2A68009B10AF /* VoCap.xcdatamodeld in Sources */ = {isa = PBXBuildFile; fileRef = 34D88F48256D2A68009B10AF /* VoCap.xcdatamodeld */; };
		34D88F55256D2A68009B10AF /* VoCapTests.swift in Sources */ = {isa = PBXBuildFile; fileRef = 34D88F54256D2A68009B10AF /* VoCapTests.swift */; };
		34D88F60256D2A68009B10AF /* VoCapUITests.swift in Sources */ = {isa = PBXBuildFile; fileRef = 34D88F5F256D2A68009B10AF /* VoCapUITests.swift */; };
		34E02AAD25FE1B30005AA07D /* Localizable.strings in Resources */ = {isa = PBXBuildFile; fileRef = 34E02AAF25FE1B30005AA07D /* Localizable.strings */; };
		34E5B30025DBE08A00CB6D17 /* MakeNoteView.swift in Sources */ = {isa = PBXBuildFile; fileRef = 34E5B2FF25DBE08A00CB6D17 /* MakeNoteView.swift */; };
		34F89BF525F308070067AAD7 /* ResetView.swift in Sources */ = {isa = PBXBuildFile; fileRef = 34F89BF425F308070067AAD7 /* ResetView.swift */; };
		34F990A925ED417D00E3710A /* CustomTextAlert.swift in Sources */ = {isa = PBXBuildFile; fileRef = 34F990A825ED417D00E3710A /* CustomTextAlert.swift */; };
		9A2B9D465AA8008092048A5A /* Pods_VoCap.framework in Frameworks */ = {isa = PBXBuildFile; fileRef = D566AC9AAF2CC2A0B5B4B9B3 /* Pods_VoCap.framework */; };
/* End PBXBuildFile section */

/* Begin PBXContainerItemProxy section */
		34D88F51256D2A68009B10AF /* PBXContainerItemProxy */ = {
			isa = PBXContainerItemProxy;
			containerPortal = 34D88F32256D2A65009B10AF /* Project object */;
			proxyType = 1;
			remoteGlobalIDString = 34D88F39256D2A65009B10AF;
			remoteInfo = VoCap;
		};
		34D88F5C256D2A68009B10AF /* PBXContainerItemProxy */ = {
			isa = PBXContainerItemProxy;
			containerPortal = 34D88F32256D2A65009B10AF /* Project object */;
			proxyType = 1;
			remoteGlobalIDString = 34D88F39256D2A65009B10AF;
			remoteInfo = VoCap;
		};
/* End PBXContainerItemProxy section */

/* Begin PBXFileReference section */
		340491E425779D2C00CD1BD7 /* HomeView.swift */ = {isa = PBXFileReference; lastKnownFileType = sourcecode.swift; path = HomeView.swift; sourceTree = "<group>"; };
		340491F125779D4300CD1BD7 /* SettingsView.swift */ = {isa = PBXFileReference; lastKnownFileType = sourcecode.swift; path = SettingsView.swift; sourceTree = "<group>"; };
		3404B4C5258784890021CDAE /* CustomTextField.swift */ = {isa = PBXFileReference; lastKnownFileType = sourcecode.swift; path = CustomTextField.swift; sourceTree = "<group>"; };
		3414F3B125F25B3F00BFB516 /* NoteDetailView.swift */ = {isa = PBXFileReference; lastKnownFileType = sourcecode.swift; path = NoteDetailView.swift; sourceTree = "<group>"; };
		34152FB6259A08A5007E4953 /* TmpNote.swift */ = {isa = PBXFileReference; lastKnownFileType = sourcecode.swift; path = TmpNote.swift; sourceTree = "<group>"; };
		3423403425EFC47000A04176 /* GifView.swift */ = {isa = PBXFileReference; lastKnownFileType = sourcecode.swift; path = GifView.swift; sourceTree = "<group>"; };
		342693C625FCDDE5000A5E4E /* AdMobView.swift */ = {isa = PBXFileReference; lastKnownFileType = sourcecode.swift; path = AdMobView.swift; sourceTree = "<group>"; };
		34346F3C2604A7B5003279D7 /* en */ = {isa = PBXFileReference; lastKnownFileType = text.plist.strings; name = en; path = en.lproj/Localizable.strings; sourceTree = "<group>"; };
		34346F4B2604ACDC003279D7 /* Launch Screen.storyboard */ = {isa = PBXFileReference; lastKnownFileType = file.storyboard; path = "Launch Screen.storyboard"; sourceTree = "<group>"; };
		3444A04F25FB70BE0008CE14 /* HowToGlanceItem_Light.gif */ = {isa = PBXFileReference; lastKnownFileType = image.gif; path = HowToGlanceItem_Light.gif; sourceTree = "<group>"; };
		3445EBEC25C9851B00D16915 /* CustomTextFieldWithToolbar.swift */ = {isa = PBXFileReference; lastKnownFileType = sourcecode.swift; path = CustomTextFieldWithToolbar.swift; sourceTree = "<group>"; };
		344FF41C25FF7106009B7E03 /* StringExtension.swift */ = {isa = PBXFileReference; lastKnownFileType = sourcecode.swift; path = StringExtension.swift; sourceTree = "<group>"; };
		3459D8F825DE8764002A9817 /* CustomSheetDismiss.swift */ = {isa = PBXFileReference; lastKnownFileType = sourcecode.swift; path = CustomSheetDismiss.swift; sourceTree = "<group>"; };
		3473343D25DD503F00A11151 /* VoCap_bridge.h */ = {isa = PBXFileReference; lastKnownFileType = sourcecode.c.h; path = VoCap_bridge.h; sourceTree = "<group>"; };
		3473344A25DD522A00A11151 /* ContactUsView.swift */ = {isa = PBXFileReference; lastKnownFileType = sourcecode.swift; path = ContactUsView.swift; sourceTree = "<group>"; };
		3490ED8025A48EE400DB1B2F /* ViewModifierInheritance.swift */ = {isa = PBXFileReference; lastKnownFileType = sourcecode.swift; path = ViewModifierInheritance.swift; sourceTree = "<group>"; };
		34A32AD726033BE4004E8C17 /* HowToDoSomethingView.swift */ = {isa = PBXFileReference; lastKnownFileType = sourcecode.swift; path = HowToDoSomethingView.swift; sourceTree = "<group>"; };
		34A32AEF2603443C004E8C17 /* HowToGlanceItem_Dark.gif */ = {isa = PBXFileReference; lastKnownFileType = image.gif; path = HowToGlanceItem_Dark.gif; sourceTree = "<group>"; };
		34A32AF72603452B004E8C17 /* HowToAddItem_Dark.gif */ = {isa = PBXFileReference; lastKnownFileType = image.gif; path = HowToAddItem_Dark.gif; sourceTree = "<group>"; };
		34A5B639257E3AC60023D1AC /* NoteRow.swift */ = {isa = PBXFileReference; lastKnownFileType = sourcecode.swift; path = NoteRow.swift; sourceTree = "<group>"; };
		34A5B648257E522A0023D1AC /* ColorExtension.swift */ = {isa = PBXFileReference; lastKnownFileType = sourcecode.swift; path = ColorExtension.swift; sourceTree = "<group>"; };
		34BDA91625BDB8590049A0A3 /* ButtonStyleInheritance.swift */ = {isa = PBXFileReference; lastKnownFileType = sourcecode.swift; path = ButtonStyleInheritance.swift; sourceTree = "<group>"; };
		34BDA92925BDB91C0049A0A3 /* CustomGestureModifier.swift */ = {isa = PBXFileReference; lastKnownFileType = sourcecode.swift; path = CustomGestureModifier.swift; sourceTree = "<group>"; };
		34C33C5F25A02F7E00302560 /* Note+CoreDataClass.swift */ = {isa = PBXFileReference; lastKnownFileType = sourcecode.swift; path = "Note+CoreDataClass.swift"; sourceTree = "<group>"; };
		34C33C6025A02F7E00302560 /* Note+CoreDataProperties.swift */ = {isa = PBXFileReference; lastKnownFileType = sourcecode.swift; path = "Note+CoreDataProperties.swift"; sourceTree = "<group>"; };
		34D3E77E25FCB38A00A7C7C6 /* HowToAddItem_Light.gif */ = {isa = PBXFileReference; lastKnownFileType = image.gif; path = HowToAddItem_Light.gif; sourceTree = "<group>"; };
		34D5B91725A1EC3B0071326A /* NoteDetail.swift */ = {isa = PBXFileReference; lastKnownFileType = sourcecode.swift; path = NoteDetail.swift; sourceTree = "<group>"; };
		34D88F3A256D2A65009B10AF /* VoCap.app */ = {isa = PBXFileReference; explicitFileType = wrapper.application; includeInIndex = 0; path = VoCap.app; sourceTree = BUILT_PRODUCTS_DIR; };
		34D88F3D256D2A65009B10AF /* VoCapApp.swift */ = {isa = PBXFileReference; lastKnownFileType = sourcecode.swift; path = VoCapApp.swift; sourceTree = "<group>"; };
		34D88F41256D2A68009B10AF /* Assets.xcassets */ = {isa = PBXFileReference; lastKnownFileType = folder.assetcatalog; path = Assets.xcassets; sourceTree = "<group>"; };
		34D88F44256D2A68009B10AF /* Preview Assets.xcassets */ = {isa = PBXFileReference; lastKnownFileType = folder.assetcatalog; path = "Preview Assets.xcassets"; sourceTree = "<group>"; };
		34D88F46256D2A68009B10AF /* Persistence.swift */ = {isa = PBXFileReference; lastKnownFileType = sourcecode.swift; path = Persistence.swift; sourceTree = "<group>"; };
		34D88F49256D2A68009B10AF /* VoCap.xcdatamodel */ = {isa = PBXFileReference; lastKnownFileType = wrapper.xcdatamodel; path = VoCap.xcdatamodel; sourceTree = "<group>"; };
		34D88F4B256D2A68009B10AF /* Info.plist */ = {isa = PBXFileReference; lastKnownFileType = text.plist.xml; path = Info.plist; sourceTree = "<group>"; };
		34D88F50256D2A68009B10AF /* VoCapTests.xctest */ = {isa = PBXFileReference; explicitFileType = wrapper.cfbundle; includeInIndex = 0; path = VoCapTests.xctest; sourceTree = BUILT_PRODUCTS_DIR; };
		34D88F54256D2A68009B10AF /* VoCapTests.swift */ = {isa = PBXFileReference; lastKnownFileType = sourcecode.swift; path = VoCapTests.swift; sourceTree = "<group>"; };
		34D88F56256D2A68009B10AF /* Info.plist */ = {isa = PBXFileReference; lastKnownFileType = text.plist.xml; path = Info.plist; sourceTree = "<group>"; };
		34D88F5B256D2A68009B10AF /* VoCapUITests.xctest */ = {isa = PBXFileReference; explicitFileType = wrapper.cfbundle; includeInIndex = 0; path = VoCapUITests.xctest; sourceTree = BUILT_PRODUCTS_DIR; };
		34D88F5F256D2A68009B10AF /* VoCapUITests.swift */ = {isa = PBXFileReference; lastKnownFileType = sourcecode.swift; path = VoCapUITests.swift; sourceTree = "<group>"; };
		34D88F61256D2A68009B10AF /* Info.plist */ = {isa = PBXFileReference; lastKnownFileType = text.plist.xml; path = Info.plist; sourceTree = "<group>"; };
		34E02AB025FE1B9C005AA07D /* ko */ = {isa = PBXFileReference; lastKnownFileType = text.plist.strings; name = ko; path = ko.lproj/Localizable.strings; sourceTree = "<group>"; };
		34E02AB425FE1BC7005AA07D /* ja-JP */ = {isa = PBXFileReference; lastKnownFileType = text.plist.strings; name = "ja-JP"; path = "ja-JP.lproj/Localizable.strings"; sourceTree = "<group>"; };
		34E02AB525FE1BD4005AA07D /* zh-Hans */ = {isa = PBXFileReference; lastKnownFileType = text.plist.strings; name = "zh-Hans"; path = "zh-Hans.lproj/Localizable.strings"; sourceTree = "<group>"; };
		34E02AB625FE1BE0005AA07D /* fr */ = {isa = PBXFileReference; lastKnownFileType = text.plist.strings; name = fr; path = fr.lproj/Localizable.strings; sourceTree = "<group>"; };
		34E5B2FF25DBE08A00CB6D17 /* MakeNoteView.swift */ = {isa = PBXFileReference; lastKnownFileType = sourcecode.swift; path = MakeNoteView.swift; sourceTree = "<group>"; };
		34F89BF425F308070067AAD7 /* ResetView.swift */ = {isa = PBXFileReference; lastKnownFileType = sourcecode.swift; path = ResetView.swift; sourceTree = "<group>"; };
		34F990A825ED417D00E3710A /* CustomTextAlert.swift */ = {isa = PBXFileReference; lastKnownFileType = sourcecode.swift; path = CustomTextAlert.swift; sourceTree = "<group>"; };
		406059946C82FB478F2E26E3 /* Pods-VoCap.release.xcconfig */ = {isa = PBXFileReference; includeInIndex = 1; lastKnownFileType = text.xcconfig; name = "Pods-VoCap.release.xcconfig"; path = "Target Support Files/Pods-VoCap/Pods-VoCap.release.xcconfig"; sourceTree = "<group>"; };
		B627202D1851DA6952B5BB24 /* Pods-VoCap.debug.xcconfig */ = {isa = PBXFileReference; includeInIndex = 1; lastKnownFileType = text.xcconfig; name = "Pods-VoCap.debug.xcconfig"; path = "Target Support Files/Pods-VoCap/Pods-VoCap.debug.xcconfig"; sourceTree = "<group>"; };
		D566AC9AAF2CC2A0B5B4B9B3 /* Pods_VoCap.framework */ = {isa = PBXFileReference; explicitFileType = wrapper.framework; includeInIndex = 0; path = Pods_VoCap.framework; sourceTree = BUILT_PRODUCTS_DIR; };
/* End PBXFileReference section */

/* Begin PBXFrameworksBuildPhase section */
		34D88F37256D2A65009B10AF /* Frameworks */ = {
			isa = PBXFrameworksBuildPhase;
			buildActionMask = 2147483647;
			files = (
				9A2B9D465AA8008092048A5A /* Pods_VoCap.framework in Frameworks */,
			);
			runOnlyForDeploymentPostprocessing = 0;
		};
		34D88F4D256D2A68009B10AF /* Frameworks */ = {
			isa = PBXFrameworksBuildPhase;
			buildActionMask = 2147483647;
			files = (
			);
			runOnlyForDeploymentPostprocessing = 0;
		};
		34D88F58256D2A68009B10AF /* Frameworks */ = {
			isa = PBXFrameworksBuildPhase;
			buildActionMask = 2147483647;
			files = (
			);
			runOnlyForDeploymentPostprocessing = 0;
		};
/* End PBXFrameworksBuildPhase section */

/* Begin PBXGroup section */
		340491D625779CC200CD1BD7 /* User Interface */ = {
			isa = PBXGroup;
			children = (
				34505B2425EFB0220029AC9F /* Tips */,
				340491DF25779CEB00CD1BD7 /* Home */,
				340491E225779CFD00CD1BD7 /* Settings */,
				34A95A3525823EB700592FA7 /* Helper */,
			);
			path = "User Interface";
			sourceTree = "<group>";
		};
		340491DF25779CEB00CD1BD7 /* Home */ = {
			isa = PBXGroup;
			children = (
				340491E425779D2C00CD1BD7 /* HomeView.swift */,
				34E5B2FF25DBE08A00CB6D17 /* MakeNoteView.swift */,
				34152FB6259A08A5007E4953 /* TmpNote.swift */,
				34A5B639257E3AC60023D1AC /* NoteRow.swift */,
				34D5B91625A1EBF80071326A /* Note Detail */,
			);
			path = Home;
			sourceTree = "<group>";
		};
		340491E225779CFD00CD1BD7 /* Settings */ = {
			isa = PBXGroup;
			children = (
				340491F125779D4300CD1BD7 /* SettingsView.swift */,
				3473344A25DD522A00A11151 /* ContactUsView.swift */,
				34F89BF425F308070067AAD7 /* ResetView.swift */,
			);
			path = Settings;
			sourceTree = "<group>";
		};
		3404B4C4258784600021CDAE /* Custom Object */ = {
			isa = PBXGroup;
			children = (
				3404B4C5258784890021CDAE /* CustomTextField.swift */,
				3445EBEC25C9851B00D16915 /* CustomTextFieldWithToolbar.swift */,
				34BDA92925BDB91C0049A0A3 /* CustomGestureModifier.swift */,
				3459D8F825DE8764002A9817 /* CustomSheetDismiss.swift */,
				34F990A825ED417D00E3710A /* CustomTextAlert.swift */,
			);
			path = "Custom Object";
			sourceTree = "<group>";
		};
		34505B2425EFB0220029AC9F /* Tips */ = {
			isa = PBXGroup;
			children = (
				3423403425EFC47000A04176 /* GifView.swift */,
				34A32AD726033BE4004E8C17 /* HowToDoSomethingView.swift */,
				34A32AEB26033E2C004E8C17 /* gif */,
			);
			path = Tips;
			sourceTree = "<group>";
		};
		34A32AEB26033E2C004E8C17 /* gif */ = {
			isa = PBXGroup;
			children = (
				34A32AF72603452B004E8C17 /* HowToAddItem_Dark.gif */,
				34D3E77E25FCB38A00A7C7C6 /* HowToAddItem_Light.gif */,
				34A32AEF2603443C004E8C17 /* HowToGlanceItem_Dark.gif */,
				3444A04F25FB70BE0008CE14 /* HowToGlanceItem_Light.gif */,
			);
			path = gif;
			sourceTree = "<group>";
		};
		34A5B647257E52190023D1AC /* Extension */ = {
			isa = PBXGroup;
			children = (
				34A5B648257E522A0023D1AC /* ColorExtension.swift */,
				344FF41C25FF7106009B7E03 /* StringExtension.swift */,
			);
			path = Extension;
			sourceTree = "<group>";
		};
		34A95A3525823EB700592FA7 /* Helper */ = {
			isa = PBXGroup;
			children = (
				342693C625FCDDE5000A5E4E /* AdMobView.swift */,
				34E02AAF25FE1B30005AA07D /* Localizable.strings */,
				34BDA91525BDB83D0049A0A3 /* Inheritance */,
				34A5B647257E52190023D1AC /* Extension */,
			);
			path = Helper;
			sourceTree = "<group>";
		};
		34BDA91525BDB83D0049A0A3 /* Inheritance */ = {
			isa = PBXGroup;
			children = (
				3490ED8025A48EE400DB1B2F /* ViewModifierInheritance.swift */,
				34BDA91625BDB8590049A0A3 /* ButtonStyleInheritance.swift */,
			);
			path = Inheritance;
			sourceTree = "<group>";
		};
		34D5B91625A1EBF80071326A /* Note Detail */ = {
			isa = PBXGroup;
			children = (
				34D5B91725A1EC3B0071326A /* NoteDetail.swift */,
				3414F3B125F25B3F00BFB516 /* NoteDetailView.swift */,
			);
			path = "Note Detail";
			sourceTree = "<group>";
		};
		34D88F31256D2A65009B10AF = {
			isa = PBXGroup;
			children = (
				34C33C5F25A02F7E00302560 /* Note+CoreDataClass.swift */,
				34C33C6025A02F7E00302560 /* Note+CoreDataProperties.swift */,
				3404B4C4258784600021CDAE /* Custom Object */,
				34D88F3C256D2A65009B10AF /* VoCap */,
				34D88F53256D2A68009B10AF /* VoCapTests */,
				34D88F5E256D2A68009B10AF /* VoCapUITests */,
				34D88F3B256D2A65009B10AF /* Products */,
				3B287458E94E0AB404710A02 /* Pods */,
				DA06E7B16F216FDE77CDC16C /* Frameworks */,
			);
			sourceTree = "<group>";
		};
		34D88F3B256D2A65009B10AF /* Products */ = {
			isa = PBXGroup;
			children = (
				34D88F3A256D2A65009B10AF /* VoCap.app */,
				34D88F50256D2A68009B10AF /* VoCapTests.xctest */,
				34D88F5B256D2A68009B10AF /* VoCapUITests.xctest */,
			);
			name = Products;
			sourceTree = "<group>";
		};
		34D88F3C256D2A65009B10AF /* VoCap */ = {
			isa = PBXGroup;
			children = (
				34D88F3D256D2A65009B10AF /* VoCapApp.swift */,
				3473343D25DD503F00A11151 /* VoCap_bridge.h */,
				340491D625779CC200CD1BD7 /* User Interface */,
				34D88F46256D2A68009B10AF /* Persistence.swift */,
				34D88F41256D2A68009B10AF /* Assets.xcassets */,
				34D88F48256D2A68009B10AF /* VoCap.xcdatamodeld */,
				34D88F4B256D2A68009B10AF /* Info.plist */,
				34D88F43256D2A68009B10AF /* Preview Content */,
				34346F4B2604ACDC003279D7 /* Launch Screen.storyboard */,
			);
			path = VoCap;
			sourceTree = "<group>";
		};
		34D88F43256D2A68009B10AF /* Preview Content */ = {
			isa = PBXGroup;
			children = (
				34D88F44256D2A68009B10AF /* Preview Assets.xcassets */,
			);
			path = "Preview Content";
			sourceTree = "<group>";
		};
		34D88F53256D2A68009B10AF /* VoCapTests */ = {
			isa = PBXGroup;
			children = (
				34D88F54256D2A68009B10AF /* VoCapTests.swift */,
				34D88F56256D2A68009B10AF /* Info.plist */,
			);
			path = VoCapTests;
			sourceTree = "<group>";
		};
		34D88F5E256D2A68009B10AF /* VoCapUITests */ = {
			isa = PBXGroup;
			children = (
				34D88F5F256D2A68009B10AF /* VoCapUITests.swift */,
				34D88F61256D2A68009B10AF /* Info.plist */,
			);
			path = VoCapUITests;
			sourceTree = "<group>";
		};
		3B287458E94E0AB404710A02 /* Pods */ = {
			isa = PBXGroup;
			children = (
				B627202D1851DA6952B5BB24 /* Pods-VoCap.debug.xcconfig */,
				406059946C82FB478F2E26E3 /* Pods-VoCap.release.xcconfig */,
			);
			path = Pods;
			sourceTree = "<group>";
		};
		DA06E7B16F216FDE77CDC16C /* Frameworks */ = {
			isa = PBXGroup;
			children = (
				D566AC9AAF2CC2A0B5B4B9B3 /* Pods_VoCap.framework */,
			);
			name = Frameworks;
			sourceTree = "<group>";
		};
/* End PBXGroup section */

/* Begin PBXNativeTarget section */
		34D88F39256D2A65009B10AF /* VoCap */ = {
			isa = PBXNativeTarget;
			buildConfigurationList = 34D88F64256D2A68009B10AF /* Build configuration list for PBXNativeTarget "VoCap" */;
			buildPhases = (
				600677D5F4F3DC92604BD125 /* [CP] Check Pods Manifest.lock */,
				34D88F36256D2A65009B10AF /* Sources */,
				34D88F37256D2A65009B10AF /* Frameworks */,
				34D88F38256D2A65009B10AF /* Resources */,
				14A104633895C89D1F1FBD42 /* [CP] Embed Pods Frameworks */,
			);
			buildRules = (
			);
			dependencies = (
			);
			name = VoCap;
			productName = VoCap;
			productReference = 34D88F3A256D2A65009B10AF /* VoCap.app */;
			productType = "com.apple.product-type.application";
		};
		34D88F4F256D2A68009B10AF /* VoCapTests */ = {
			isa = PBXNativeTarget;
			buildConfigurationList = 34D88F67256D2A68009B10AF /* Build configuration list for PBXNativeTarget "VoCapTests" */;
			buildPhases = (
				34D88F4C256D2A68009B10AF /* Sources */,
				34D88F4D256D2A68009B10AF /* Frameworks */,
				34D88F4E256D2A68009B10AF /* Resources */,
			);
			buildRules = (
			);
			dependencies = (
				34D88F52256D2A68009B10AF /* PBXTargetDependency */,
			);
			name = VoCapTests;
			productName = VoCapTests;
			productReference = 34D88F50256D2A68009B10AF /* VoCapTests.xctest */;
			productType = "com.apple.product-type.bundle.unit-test";
		};
		34D88F5A256D2A68009B10AF /* VoCapUITests */ = {
			isa = PBXNativeTarget;
			buildConfigurationList = 34D88F6A256D2A68009B10AF /* Build configuration list for PBXNativeTarget "VoCapUITests" */;
			buildPhases = (
				34D88F57256D2A68009B10AF /* Sources */,
				34D88F58256D2A68009B10AF /* Frameworks */,
				34D88F59256D2A68009B10AF /* Resources */,
			);
			buildRules = (
			);
			dependencies = (
				34D88F5D256D2A68009B10AF /* PBXTargetDependency */,
			);
			name = VoCapUITests;
			productName = VoCapUITests;
			productReference = 34D88F5B256D2A68009B10AF /* VoCapUITests.xctest */;
			productType = "com.apple.product-type.bundle.ui-testing";
		};
/* End PBXNativeTarget section */

/* Begin PBXProject section */
		34D88F32256D2A65009B10AF /* Project object */ = {
			isa = PBXProject;
			attributes = {
				LastSwiftUpdateCheck = 1220;
				LastUpgradeCheck = 1220;
				TargetAttributes = {
					34D88F39256D2A65009B10AF = {
						CreatedOnToolsVersion = 12.2;
					};
					34D88F4F256D2A68009B10AF = {
						CreatedOnToolsVersion = 12.2;
						TestTargetID = 34D88F39256D2A65009B10AF;
					};
					34D88F5A256D2A68009B10AF = {
						CreatedOnToolsVersion = 12.2;
						TestTargetID = 34D88F39256D2A65009B10AF;
					};
				};
			};
			buildConfigurationList = 34D88F35256D2A65009B10AF /* Build configuration list for PBXProject "VoCap" */;
			compatibilityVersion = "Xcode 9.3";
			developmentRegion = en;
			hasScannedForEncodings = 0;
			knownRegions = (
				en,
				ko,
				"ja-JP",
				"zh-Hans",
				fr,
				Base,
			);
			mainGroup = 34D88F31256D2A65009B10AF;
			productRefGroup = 34D88F3B256D2A65009B10AF /* Products */;
			projectDirPath = "";
			projectRoot = "";
			targets = (
				34D88F39256D2A65009B10AF /* VoCap */,
				34D88F4F256D2A68009B10AF /* VoCapTests */,
				34D88F5A256D2A68009B10AF /* VoCapUITests */,
			);
		};
/* End PBXProject section */

/* Begin PBXResourcesBuildPhase section */
		34D88F38256D2A65009B10AF /* Resources */ = {
			isa = PBXResourcesBuildPhase;
			buildActionMask = 2147483647;
			files = (
				34A32AF02603443C004E8C17 /* HowToGlanceItem_Dark.gif in Resources */,
				34D88F45256D2A68009B10AF /* Preview Assets.xcassets in Resources */,
				34346F4C2604ACDC003279D7 /* Launch Screen.storyboard in Resources */,
				3444A05125FB70BF0008CE14 /* HowToGlanceItem_Light.gif in Resources */,
				34A32AF82603452B004E8C17 /* HowToAddItem_Dark.gif in Resources */,
				34D88F42256D2A68009B10AF /* Assets.xcassets in Resources */,
				34E02AAD25FE1B30005AA07D /* Localizable.strings in Resources */,
				34D3E77F25FCB38A00A7C7C6 /* HowToAddItem_Light.gif in Resources */,
			);
			runOnlyForDeploymentPostprocessing = 0;
		};
		34D88F4E256D2A68009B10AF /* Resources */ = {
			isa = PBXResourcesBuildPhase;
			buildActionMask = 2147483647;
			files = (
			);
			runOnlyForDeploymentPostprocessing = 0;
		};
		34D88F59256D2A68009B10AF /* Resources */ = {
			isa = PBXResourcesBuildPhase;
			buildActionMask = 2147483647;
			files = (
			);
			runOnlyForDeploymentPostprocessing = 0;
		};
/* End PBXResourcesBuildPhase section */

/* Begin PBXShellScriptBuildPhase section */
		14A104633895C89D1F1FBD42 /* [CP] Embed Pods Frameworks */ = {
			isa = PBXShellScriptBuildPhase;
			buildActionMask = 2147483647;
			files = (
			);
			inputFileListPaths = (
				"${PODS_ROOT}/Target Support Files/Pods-VoCap/Pods-VoCap-frameworks-${CONFIGURATION}-input-files.xcfilelist",
			);
			name = "[CP] Embed Pods Frameworks";
			outputFileListPaths = (
				"${PODS_ROOT}/Target Support Files/Pods-VoCap/Pods-VoCap-frameworks-${CONFIGURATION}-output-files.xcfilelist",
			);
			runOnlyForDeploymentPostprocessing = 0;
			shellPath = /bin/sh;
			shellScript = "\"${PODS_ROOT}/Target Support Files/Pods-VoCap/Pods-VoCap-frameworks.sh\"\n";
			showEnvVarsInLog = 0;
		};
		600677D5F4F3DC92604BD125 /* [CP] Check Pods Manifest.lock */ = {
			isa = PBXShellScriptBuildPhase;
			buildActionMask = 2147483647;
			files = (
			);
			inputFileListPaths = (
			);
			inputPaths = (
				"${PODS_PODFILE_DIR_PATH}/Podfile.lock",
				"${PODS_ROOT}/Manifest.lock",
			);
			name = "[CP] Check Pods Manifest.lock";
			outputFileListPaths = (
			);
			outputPaths = (
				"$(DERIVED_FILE_DIR)/Pods-VoCap-checkManifestLockResult.txt",
			);
			runOnlyForDeploymentPostprocessing = 0;
			shellPath = /bin/sh;
			shellScript = "diff \"${PODS_PODFILE_DIR_PATH}/Podfile.lock\" \"${PODS_ROOT}/Manifest.lock\" > /dev/null\nif [ $? != 0 ] ; then\n    # print error to STDERR\n    echo \"error: The sandbox is not in sync with the Podfile.lock. Run 'pod install' or update your CocoaPods installation.\" >&2\n    exit 1\nfi\n# This output is used by Xcode 'outputs' to avoid re-running this script phase.\necho \"SUCCESS\" > \"${SCRIPT_OUTPUT_FILE_0}\"\n";
			showEnvVarsInLog = 0;
		};
/* End PBXShellScriptBuildPhase section */

/* Begin PBXSourcesBuildPhase section */
		34D88F36256D2A65009B10AF /* Sources */ = {
			isa = PBXSourcesBuildPhase;
			buildActionMask = 2147483647;
			files = (
				342693C725FCDDE5000A5E4E /* AdMobView.swift in Sources */,
				3445EBED25C9851B00D16915 /* CustomTextFieldWithToolbar.swift in Sources */,
				34A32AD826033BE4004E8C17 /* HowToDoSomethingView.swift in Sources */,
				3473344B25DD522A00A11151 /* ContactUsView.swift in Sources */,
				344FF41D25FF7106009B7E03 /* StringExtension.swift in Sources */,
				34D88F47256D2A68009B10AF /* Persistence.swift in Sources */,
				340491F225779D4300CD1BD7 /* SettingsView.swift in Sources */,
				34E5B30025DBE08A00CB6D17 /* MakeNoteView.swift in Sources */,
				34D88F3E256D2A65009B10AF /* VoCapApp.swift in Sources */,
				34BDA92A25BDB91C0049A0A3 /* CustomGestureModifier.swift in Sources */,
				340491E525779D2C00CD1BD7 /* HomeView.swift in Sources */,
				34152FB7259A08A5007E4953 /* TmpNote.swift in Sources */,
				34A5B63A257E3AC60023D1AC /* NoteRow.swift in Sources */,
				3459D8F925DE8764002A9817 /* CustomSheetDismiss.swift in Sources */,
				3490ED8125A48EE400DB1B2F /* ViewModifierInheritance.swift in Sources */,
				34F89BF525F308070067AAD7 /* ResetView.swift in Sources */,
				34A5B649257E522A0023D1AC /* ColorExtension.swift in Sources */,
				3414F3B225F25B3F00BFB516 /* NoteDetailView.swift in Sources */,
				34F990A925ED417D00E3710A /* CustomTextAlert.swift in Sources */,
				34C33C6225A02F7E00302560 /* Note+CoreDataProperties.swift in Sources */,
				3404B4C6258784890021CDAE /* CustomTextField.swift in Sources */,
				34D88F4A256D2A68009B10AF /* VoCap.xcdatamodeld in Sources */,
				3423403525EFC47000A04176 /* GifView.swift in Sources */,
				34C33C6125A02F7E00302560 /* Note+CoreDataClass.swift in Sources */,
				34BDA91725BDB8590049A0A3 /* ButtonStyleInheritance.swift in Sources */,
				34D5B91825A1EC3B0071326A /* NoteDetail.swift in Sources */,
			);
			runOnlyForDeploymentPostprocessing = 0;
		};
		34D88F4C256D2A68009B10AF /* Sources */ = {
			isa = PBXSourcesBuildPhase;
			buildActionMask = 2147483647;
			files = (
				34D88F55256D2A68009B10AF /* VoCapTests.swift in Sources */,
			);
			runOnlyForDeploymentPostprocessing = 0;
		};
		34D88F57256D2A68009B10AF /* Sources */ = {
			isa = PBXSourcesBuildPhase;
			buildActionMask = 2147483647;
			files = (
				34D88F60256D2A68009B10AF /* VoCapUITests.swift in Sources */,
			);
			runOnlyForDeploymentPostprocessing = 0;
		};
/* End PBXSourcesBuildPhase section */

/* Begin PBXTargetDependency section */
		34D88F52256D2A68009B10AF /* PBXTargetDependency */ = {
			isa = PBXTargetDependency;
			target = 34D88F39256D2A65009B10AF /* VoCap */;
			targetProxy = 34D88F51256D2A68009B10AF /* PBXContainerItemProxy */;
		};
		34D88F5D256D2A68009B10AF /* PBXTargetDependency */ = {
			isa = PBXTargetDependency;
			target = 34D88F39256D2A65009B10AF /* VoCap */;
			targetProxy = 34D88F5C256D2A68009B10AF /* PBXContainerItemProxy */;
		};
/* End PBXTargetDependency section */

/* Begin PBXVariantGroup section */
		34E02AAF25FE1B30005AA07D /* Localizable.strings */ = {
			isa = PBXVariantGroup;
			children = (
				34E02AB025FE1B9C005AA07D /* ko */,
				34E02AB425FE1BC7005AA07D /* ja-JP */,
				34E02AB525FE1BD4005AA07D /* zh-Hans */,
				34E02AB625FE1BE0005AA07D /* fr */,
				34346F3C2604A7B5003279D7 /* en */,
			);
			name = Localizable.strings;
			sourceTree = "<group>";
		};
/* End PBXVariantGroup section */

/* Begin XCBuildConfiguration section */
		34D88F62256D2A68009B10AF /* Debug */ = {
			isa = XCBuildConfiguration;
			buildSettings = {
				ALWAYS_SEARCH_USER_PATHS = NO;
				CLANG_ANALYZER_LOCALIZABILITY_NONLOCALIZED = YES;
				CLANG_ANALYZER_NONNULL = YES;
				CLANG_ANALYZER_NUMBER_OBJECT_CONVERSION = YES_AGGRESSIVE;
				CLANG_CXX_LANGUAGE_STANDARD = "gnu++14";
				CLANG_CXX_LIBRARY = "libc++";
				CLANG_ENABLE_MODULES = YES;
				CLANG_ENABLE_OBJC_ARC = YES;
				CLANG_ENABLE_OBJC_WEAK = YES;
				CLANG_WARN_BLOCK_CAPTURE_AUTORELEASING = YES;
				CLANG_WARN_BOOL_CONVERSION = YES;
				CLANG_WARN_COMMA = YES;
				CLANG_WARN_CONSTANT_CONVERSION = YES;
				CLANG_WARN_DEPRECATED_OBJC_IMPLEMENTATIONS = YES;
				CLANG_WARN_DIRECT_OBJC_ISA_USAGE = YES_ERROR;
				CLANG_WARN_DOCUMENTATION_COMMENTS = YES;
				CLANG_WARN_EMPTY_BODY = YES;
				CLANG_WARN_ENUM_CONVERSION = YES;
				CLANG_WARN_INFINITE_RECURSION = YES;
				CLANG_WARN_INT_CONVERSION = YES;
				CLANG_WARN_NON_LITERAL_NULL_CONVERSION = YES;
				CLANG_WARN_OBJC_IMPLICIT_RETAIN_SELF = YES;
				CLANG_WARN_OBJC_LITERAL_CONVERSION = YES;
				CLANG_WARN_OBJC_ROOT_CLASS = YES_ERROR;
				CLANG_WARN_QUOTED_INCLUDE_IN_FRAMEWORK_HEADER = YES;
				CLANG_WARN_RANGE_LOOP_ANALYSIS = YES;
				CLANG_WARN_STRICT_PROTOTYPES = YES;
				CLANG_WARN_SUSPICIOUS_MOVE = YES;
				CLANG_WARN_UNGUARDED_AVAILABILITY = YES_AGGRESSIVE;
				CLANG_WARN_UNREACHABLE_CODE = YES;
				CLANG_WARN__DUPLICATE_METHOD_MATCH = YES;
				COPY_PHASE_STRIP = NO;
				DEBUG_INFORMATION_FORMAT = dwarf;
				ENABLE_STRICT_OBJC_MSGSEND = YES;
				ENABLE_TESTABILITY = YES;
				GCC_C_LANGUAGE_STANDARD = gnu11;
				GCC_DYNAMIC_NO_PIC = NO;
				GCC_NO_COMMON_BLOCKS = YES;
				GCC_OPTIMIZATION_LEVEL = 0;
				GCC_PREPROCESSOR_DEFINITIONS = (
					"DEBUG=1",
					"$(inherited)",
				);
				GCC_WARN_64_TO_32_BIT_CONVERSION = YES;
				GCC_WARN_ABOUT_RETURN_TYPE = YES_ERROR;
				GCC_WARN_UNDECLARED_SELECTOR = YES;
				GCC_WARN_UNINITIALIZED_AUTOS = YES_AGGRESSIVE;
				GCC_WARN_UNUSED_FUNCTION = YES;
				GCC_WARN_UNUSED_VARIABLE = YES;
				IPHONEOS_DEPLOYMENT_TARGET = 14.0;
				MTL_ENABLE_DEBUG_INFO = INCLUDE_SOURCE;
				MTL_FAST_MATH = YES;
				ONLY_ACTIVE_ARCH = YES;
				SDKROOT = iphoneos;
				SWIFT_ACTIVE_COMPILATION_CONDITIONS = DEBUG;
				SWIFT_OPTIMIZATION_LEVEL = "-Onone";
			};
			name = Debug;
		};
		34D88F63256D2A68009B10AF /* Release */ = {
			isa = XCBuildConfiguration;
			buildSettings = {
				ALWAYS_SEARCH_USER_PATHS = NO;
				CLANG_ANALYZER_LOCALIZABILITY_NONLOCALIZED = YES;
				CLANG_ANALYZER_NONNULL = YES;
				CLANG_ANALYZER_NUMBER_OBJECT_CONVERSION = YES_AGGRESSIVE;
				CLANG_CXX_LANGUAGE_STANDARD = "gnu++14";
				CLANG_CXX_LIBRARY = "libc++";
				CLANG_ENABLE_MODULES = YES;
				CLANG_ENABLE_OBJC_ARC = YES;
				CLANG_ENABLE_OBJC_WEAK = YES;
				CLANG_WARN_BLOCK_CAPTURE_AUTORELEASING = YES;
				CLANG_WARN_BOOL_CONVERSION = YES;
				CLANG_WARN_COMMA = YES;
				CLANG_WARN_CONSTANT_CONVERSION = YES;
				CLANG_WARN_DEPRECATED_OBJC_IMPLEMENTATIONS = YES;
				CLANG_WARN_DIRECT_OBJC_ISA_USAGE = YES_ERROR;
				CLANG_WARN_DOCUMENTATION_COMMENTS = YES;
				CLANG_WARN_EMPTY_BODY = YES;
				CLANG_WARN_ENUM_CONVERSION = YES;
				CLANG_WARN_INFINITE_RECURSION = YES;
				CLANG_WARN_INT_CONVERSION = YES;
				CLANG_WARN_NON_LITERAL_NULL_CONVERSION = YES;
				CLANG_WARN_OBJC_IMPLICIT_RETAIN_SELF = YES;
				CLANG_WARN_OBJC_LITERAL_CONVERSION = YES;
				CLANG_WARN_OBJC_ROOT_CLASS = YES_ERROR;
				CLANG_WARN_QUOTED_INCLUDE_IN_FRAMEWORK_HEADER = YES;
				CLANG_WARN_RANGE_LOOP_ANALYSIS = YES;
				CLANG_WARN_STRICT_PROTOTYPES = YES;
				CLANG_WARN_SUSPICIOUS_MOVE = YES;
				CLANG_WARN_UNGUARDED_AVAILABILITY = YES_AGGRESSIVE;
				CLANG_WARN_UNREACHABLE_CODE = YES;
				CLANG_WARN__DUPLICATE_METHOD_MATCH = YES;
				COPY_PHASE_STRIP = NO;
				DEBUG_INFORMATION_FORMAT = "dwarf-with-dsym";
				ENABLE_NS_ASSERTIONS = NO;
				ENABLE_STRICT_OBJC_MSGSEND = YES;
				GCC_C_LANGUAGE_STANDARD = gnu11;
				GCC_NO_COMMON_BLOCKS = YES;
				GCC_WARN_64_TO_32_BIT_CONVERSION = YES;
				GCC_WARN_ABOUT_RETURN_TYPE = YES_ERROR;
				GCC_WARN_UNDECLARED_SELECTOR = YES;
				GCC_WARN_UNINITIALIZED_AUTOS = YES_AGGRESSIVE;
				GCC_WARN_UNUSED_FUNCTION = YES;
				GCC_WARN_UNUSED_VARIABLE = YES;
				IPHONEOS_DEPLOYMENT_TARGET = 14.0;
				MTL_ENABLE_DEBUG_INFO = NO;
				MTL_FAST_MATH = YES;
				SDKROOT = iphoneos;
				SWIFT_COMPILATION_MODE = wholemodule;
				SWIFT_OPTIMIZATION_LEVEL = "-O";
				VALIDATE_PRODUCT = YES;
			};
			name = Release;
		};
		34D88F65256D2A68009B10AF /* Debug */ = {
			isa = XCBuildConfiguration;
			baseConfigurationReference = B627202D1851DA6952B5BB24 /* Pods-VoCap.debug.xcconfig */;
			buildSettings = {
				ASSETCATALOG_COMPILER_APPICON_NAME = AppIcon;
				ASSETCATALOG_COMPILER_GLOBAL_ACCENT_COLOR_NAME = AccentColor;
				CODE_SIGN_STYLE = Automatic;
				CURRENT_PROJECT_VERSION = 4;
				DEVELOPMENT_ASSET_PATHS = "\"VoCap/Preview Content\"";
				DEVELOPMENT_TEAM = LGU69RG34G;
				ENABLE_PREVIEWS = YES;
				HEADER_SEARCH_PATHS = (
					"$(inherited)",
					"\"${PODS_ROOT}/Headers/Public\"",
					"\"${PODS_ROOT}/Headers/Public/mailcore2-ios\"",
					"\"${PODS_ROOT}/Headers/Public?mailcore2-ios/MailCore",
				);
				INFOPLIST_FILE = VoCap/Info.plist;
				IPHONEOS_DEPLOYMENT_TARGET = 14.0;
				LD_RUNPATH_SEARCH_PATHS = (
					"$(inherited)",
					"@executable_path/Frameworks",
				);
				MARKETING_VERSION = 1.3;
				PRODUCT_BUNDLE_IDENTIFIER = com.Taeminator.VoCap;
				PRODUCT_NAME = "$(TARGET_NAME)";
				SWIFT_OBJC_BRIDGING_HEADER = "${SRCROOT}/VoCap/VoCap_bridge.h";
				SWIFT_VERSION = 5.0;
				TARGETED_DEVICE_FAMILY = 1;
			};
			name = Debug;
		};
		34D88F66256D2A68009B10AF /* Release */ = {
			isa = XCBuildConfiguration;
			baseConfigurationReference = 406059946C82FB478F2E26E3 /* Pods-VoCap.release.xcconfig */;
			buildSettings = {
				ASSETCATALOG_COMPILER_APPICON_NAME = AppIcon;
				ASSETCATALOG_COMPILER_GLOBAL_ACCENT_COLOR_NAME = AccentColor;
				CODE_SIGN_STYLE = Automatic;
				CURRENT_PROJECT_VERSION = 4;
				DEVELOPMENT_ASSET_PATHS = "\"VoCap/Preview Content\"";
				DEVELOPMENT_TEAM = LGU69RG34G;
				ENABLE_PREVIEWS = YES;
				HEADER_SEARCH_PATHS = (
					"$(inherited)",
					"\"${PODS_ROOT}/Headers/Public\"",
					"\"${PODS_ROOT}/Headers/Public/mailcore2-ios\"",
					"\"${PODS_ROOT}/Headers/Public?mailcore2-ios/MailCore",
				);
				INFOPLIST_FILE = VoCap/Info.plist;
				IPHONEOS_DEPLOYMENT_TARGET = 14.0;
				LD_RUNPATH_SEARCH_PATHS = (
					"$(inherited)",
					"@executable_path/Frameworks",
				);
				MARKETING_VERSION = 1.3;
				PRODUCT_BUNDLE_IDENTIFIER = com.Taeminator.VoCap;
				PRODUCT_NAME = "$(TARGET_NAME)";
				SWIFT_OBJC_BRIDGING_HEADER = "${SRCROOT}/VoCap/VoCap_bridge.h";
				SWIFT_VERSION = 5.0;
				TARGETED_DEVICE_FAMILY = 1;
			};
			name = Release;
		};
		34D88F68256D2A68009B10AF /* Debug */ = {
			isa = XCBuildConfiguration;
			buildSettings = {
				ALWAYS_EMBED_SWIFT_STANDARD_LIBRARIES = YES;
				BUNDLE_LOADER = "$(TEST_HOST)";
				CODE_SIGN_STYLE = Automatic;
				DEVELOPMENT_TEAM = LGU69RG34G;
				INFOPLIST_FILE = VoCapTests/Info.plist;
				IPHONEOS_DEPLOYMENT_TARGET = 14.0;
				LD_RUNPATH_SEARCH_PATHS = (
					"$(inherited)",
					"@executable_path/Frameworks",
					"@loader_path/Frameworks",
				);
				PRODUCT_BUNDLE_IDENTIFIER = com.Taeminator.VoCapTests;
				PRODUCT_NAME = "$(TARGET_NAME)";
				SWIFT_VERSION = 5.0;
				TARGETED_DEVICE_FAMILY = "1,2";
				TEST_HOST = "$(BUILT_PRODUCTS_DIR)/VoCap.app/VoCap";
			};
			name = Debug;
		};
		34D88F69256D2A68009B10AF /* Release */ = {
			isa = XCBuildConfiguration;
			buildSettings = {
				ALWAYS_EMBED_SWIFT_STANDARD_LIBRARIES = YES;
				BUNDLE_LOADER = "$(TEST_HOST)";
				CODE_SIGN_STYLE = Automatic;
				DEVELOPMENT_TEAM = LGU69RG34G;
				INFOPLIST_FILE = VoCapTests/Info.plist;
				IPHONEOS_DEPLOYMENT_TARGET = 14.0;
				LD_RUNPATH_SEARCH_PATHS = (
					"$(inherited)",
					"@executable_path/Frameworks",
					"@loader_path/Frameworks",
				);
				PRODUCT_BUNDLE_IDENTIFIER = com.Taeminator.VoCapTests;
				PRODUCT_NAME = "$(TARGET_NAME)";
				SWIFT_VERSION = 5.0;
				TARGETED_DEVICE_FAMILY = "1,2";
				TEST_HOST = "$(BUILT_PRODUCTS_DIR)/VoCap.app/VoCap";
			};
			name = Release;
		};
		34D88F6B256D2A68009B10AF /* Debug */ = {
			isa = XCBuildConfiguration;
			buildSettings = {
				ALWAYS_EMBED_SWIFT_STANDARD_LIBRARIES = YES;
				CODE_SIGN_STYLE = Automatic;
				DEVELOPMENT_TEAM = LGU69RG34G;
				INFOPLIST_FILE = VoCapUITests/Info.plist;
				LD_RUNPATH_SEARCH_PATHS = (
					"$(inherited)",
					"@executable_path/Frameworks",
					"@loader_path/Frameworks",
				);
				PRODUCT_BUNDLE_IDENTIFIER = com.Taeminator.VoCapUITests;
				PRODUCT_NAME = "$(TARGET_NAME)";
				SWIFT_VERSION = 5.0;
				TARGETED_DEVICE_FAMILY = "1,2";
				TEST_TARGET_NAME = VoCap;
			};
			name = Debug;
		};
		34D88F6C256D2A68009B10AF /* Release */ = {
			isa = XCBuildConfiguration;
			buildSettings = {
				ALWAYS_EMBED_SWIFT_STANDARD_LIBRARIES = YES;
				CODE_SIGN_STYLE = Automatic;
				DEVELOPMENT_TEAM = LGU69RG34G;
				INFOPLIST_FILE = VoCapUITests/Info.plist;
				LD_RUNPATH_SEARCH_PATHS = (
					"$(inherited)",
					"@executable_path/Frameworks",
					"@loader_path/Frameworks",
				);
				PRODUCT_BUNDLE_IDENTIFIER = com.Taeminator.VoCapUITests;
				PRODUCT_NAME = "$(TARGET_NAME)";
				SWIFT_VERSION = 5.0;
				TARGETED_DEVICE_FAMILY = "1,2";
				TEST_TARGET_NAME = VoCap;
			};
			name = Release;
		};
/* End XCBuildConfiguration section */

/* Begin XCConfigurationList section */
		34D88F35256D2A65009B10AF /* Build configuration list for PBXProject "VoCap" */ = {
			isa = XCConfigurationList;
			buildConfigurations = (
				34D88F62256D2A68009B10AF /* Debug */,
				34D88F63256D2A68009B10AF /* Release */,
			);
			defaultConfigurationIsVisible = 0;
			defaultConfigurationName = Release;
		};
		34D88F64256D2A68009B10AF /* Build configuration list for PBXNativeTarget "VoCap" */ = {
			isa = XCConfigurationList;
			buildConfigurations = (
				34D88F65256D2A68009B10AF /* Debug */,
				34D88F66256D2A68009B10AF /* Release */,
			);
			defaultConfigurationIsVisible = 0;
			defaultConfigurationName = Release;
		};
		34D88F67256D2A68009B10AF /* Build configuration list for PBXNativeTarget "VoCapTests" */ = {
			isa = XCConfigurationList;
			buildConfigurations = (
				34D88F68256D2A68009B10AF /* Debug */,
				34D88F69256D2A68009B10AF /* Release */,
			);
			defaultConfigurationIsVisible = 0;
			defaultConfigurationName = Release;
		};
		34D88F6A256D2A68009B10AF /* Build configuration list for PBXNativeTarget "VoCapUITests" */ = {
			isa = XCConfigurationList;
			buildConfigurations = (
				34D88F6B256D2A68009B10AF /* Debug */,
				34D88F6C256D2A68009B10AF /* Release */,
			);
			defaultConfigurationIsVisible = 0;
			defaultConfigurationName = Release;
		};
/* End XCConfigurationList section */

/* Begin XCVersionGroup section */
		34D88F48256D2A68009B10AF /* VoCap.xcdatamodeld */ = {
			isa = XCVersionGroup;
			children = (
				34D88F49256D2A68009B10AF /* VoCap.xcdatamodel */,
			);
			currentVersion = 34D88F49256D2A68009B10AF /* VoCap.xcdatamodel */;
			path = VoCap.xcdatamodeld;
			sourceTree = "<group>";
			versionGroupType = wrapper.xcdatamodel;
		};
/* End XCVersionGroup section */
	};
	rootObject = 34D88F32256D2A65009B10AF /* Project object */;
}
