// !$*UTF8*$!
{
	archiveVersion = 1;
	classes = {
	};
	objectVersion = 50;
	objects = {

/* Begin PBXBuildFile section */
		340491D825779CDB00CD1BD7 /* MainTabView.swift in Sources */ = {isa = PBXBuildFile; fileRef = 340491D725779CDB00CD1BD7 /* MainTabView.swift */; };
		340491E525779D2C00CD1BD7 /* HomeView.swift in Sources */ = {isa = PBXBuildFile; fileRef = 340491E425779D2C00CD1BD7 /* HomeView.swift */; };
		340491ED25779D3600CD1BD7 /* LabatoryView.swift in Sources */ = {isa = PBXBuildFile; fileRef = 340491EC25779D3600CD1BD7 /* LabatoryView.swift */; };
		340491F225779D4300CD1BD7 /* SettingsView.swift in Sources */ = {isa = PBXBuildFile; fileRef = 340491F125779D4300CD1BD7 /* SettingsView.swift */; };
		340491FC25779E8000CD1BD7 /* LexicalaAPI.swift in Sources */ = {isa = PBXBuildFile; fileRef = 340491FB25779E8000CD1BD7 /* LexicalaAPI.swift */; };
		3404920A25779F9D00CD1BD7 /* LexicalaEntries.swift in Sources */ = {isa = PBXBuildFile; fileRef = 3404920925779F9D00CD1BD7 /* LexicalaEntries.swift */; };
		3404921225779FAD00CD1BD7 /* LexicalaEntry.swift in Sources */ = {isa = PBXBuildFile; fileRef = 3404921125779FAD00CD1BD7 /* LexicalaEntry.swift */; };
		3404921725779FC800CD1BD7 /* LexicalaFetchData.swift in Sources */ = {isa = PBXBuildFile; fileRef = 3404921625779FC800CD1BD7 /* LexicalaFetchData.swift */; };
		3404922F2577A24900CD1BD7 /* MainNavigationView.swift in Sources */ = {isa = PBXBuildFile; fileRef = 3404922E2577A24900CD1BD7 /* MainNavigationView.swift */; };
		34D88F3E256D2A65009B10AF /* VoCapApp.swift in Sources */ = {isa = PBXBuildFile; fileRef = 34D88F3D256D2A65009B10AF /* VoCapApp.swift */; };
		34D88F40256D2A65009B10AF /* ContentView.swift in Sources */ = {isa = PBXBuildFile; fileRef = 34D88F3F256D2A65009B10AF /* ContentView.swift */; };
		34D88F42256D2A68009B10AF /* Assets.xcassets in Resources */ = {isa = PBXBuildFile; fileRef = 34D88F41256D2A68009B10AF /* Assets.xcassets */; };
		34D88F45256D2A68009B10AF /* Preview Assets.xcassets in Resources */ = {isa = PBXBuildFile; fileRef = 34D88F44256D2A68009B10AF /* Preview Assets.xcassets */; };
		34D88F47256D2A68009B10AF /* Persistence.swift in Sources */ = {isa = PBXBuildFile; fileRef = 34D88F46256D2A68009B10AF /* Persistence.swift */; };
		34D88F4A256D2A68009B10AF /* VoCap.xcdatamodeld in Sources */ = {isa = PBXBuildFile; fileRef = 34D88F48256D2A68009B10AF /* VoCap.xcdatamodeld */; };
		34D88F55256D2A68009B10AF /* VoCapTests.swift in Sources */ = {isa = PBXBuildFile; fileRef = 34D88F54256D2A68009B10AF /* VoCapTests.swift */; };
		34D88F60256D2A68009B10AF /* VoCapUITests.swift in Sources */ = {isa = PBXBuildFile; fileRef = 34D88F5F256D2A68009B10AF /* VoCapUITests.swift */; };
/* End PBXBuildFile section */

/* Begin PBXContainerItemProxy section */
		34D88F51256D2A68009B10AF /* PBXContainerItemProxy */ = {
			isa = PBXContainerItemProxy;
			containerPortal = 34D88F32256D2A65009B10AF /* Project object */;
			proxyType = 1;
			remoteGlobalIDString = 34D88F39256D2A65009B10AF;
			remoteInfo = VoCap;
		};
		34D88F5C256D2A68009B10AF /* PBXContainerItemProxy */ = {
			isa = PBXContainerItemProxy;
			containerPortal = 34D88F32256D2A65009B10AF /* Project object */;
			proxyType = 1;
			remoteGlobalIDString = 34D88F39256D2A65009B10AF;
			remoteInfo = VoCap;
		};
/* End PBXContainerItemProxy section */

/* Begin PBXFileReference section */
		340491D725779CDB00CD1BD7 /* MainTabView.swift */ = {isa = PBXFileReference; lastKnownFileType = sourcecode.swift; path = MainTabView.swift; sourceTree = "<group>"; };
		340491E425779D2C00CD1BD7 /* HomeView.swift */ = {isa = PBXFileReference; lastKnownFileType = sourcecode.swift; path = HomeView.swift; sourceTree = "<group>"; };
		340491EC25779D3600CD1BD7 /* LabatoryView.swift */ = {isa = PBXFileReference; lastKnownFileType = sourcecode.swift; path = LabatoryView.swift; sourceTree = "<group>"; };
		340491F125779D4300CD1BD7 /* SettingsView.swift */ = {isa = PBXFileReference; lastKnownFileType = sourcecode.swift; path = SettingsView.swift; sourceTree = "<group>"; };
		340491FB25779E8000CD1BD7 /* LexicalaAPI.swift */ = {isa = PBXFileReference; lastKnownFileType = sourcecode.swift; path = LexicalaAPI.swift; sourceTree = "<group>"; };
		3404920925779F9D00CD1BD7 /* LexicalaEntries.swift */ = {isa = PBXFileReference; lastKnownFileType = sourcecode.swift; name = LexicalaEntries.swift; path = ../../../../Documents/LexicalaEntries.swift; sourceTree = "<group>"; };
		3404921125779FAD00CD1BD7 /* LexicalaEntry.swift */ = {isa = PBXFileReference; lastKnownFileType = sourcecode.swift; path = LexicalaEntry.swift; sourceTree = "<group>"; };
		3404921625779FC800CD1BD7 /* LexicalaFetchData.swift */ = {isa = PBXFileReference; lastKnownFileType = sourcecode.swift; path = LexicalaFetchData.swift; sourceTree = "<group>"; };
		3404922E2577A24900CD1BD7 /* MainNavigationView.swift */ = {isa = PBXFileReference; lastKnownFileType = sourcecode.swift; path = MainNavigationView.swift; sourceTree = "<group>"; };
		34D88F3A256D2A65009B10AF /* VoCap.app */ = {isa = PBXFileReference; explicitFileType = wrapper.application; includeInIndex = 0; path = VoCap.app; sourceTree = BUILT_PRODUCTS_DIR; };
		34D88F3D256D2A65009B10AF /* VoCapApp.swift */ = {isa = PBXFileReference; lastKnownFileType = sourcecode.swift; path = VoCapApp.swift; sourceTree = "<group>"; };
		34D88F3F256D2A65009B10AF /* ContentView.swift */ = {isa = PBXFileReference; lastKnownFileType = sourcecode.swift; path = ContentView.swift; sourceTree = "<group>"; };
		34D88F41256D2A68009B10AF /* Assets.xcassets */ = {isa = PBXFileReference; lastKnownFileType = folder.assetcatalog; path = Assets.xcassets; sourceTree = "<group>"; };
		34D88F44256D2A68009B10AF /* Preview Assets.xcassets */ = {isa = PBXFileReference; lastKnownFileType = folder.assetcatalog; path = "Preview Assets.xcassets"; sourceTree = "<group>"; };
		34D88F46256D2A68009B10AF /* Persistence.swift */ = {isa = PBXFileReference; lastKnownFileType = sourcecode.swift; path = Persistence.swift; sourceTree = "<group>"; };
		34D88F49256D2A68009B10AF /* VoCap.xcdatamodel */ = {isa = PBXFileReference; lastKnownFileType = wrapper.xcdatamodel; path = VoCap.xcdatamodel; sourceTree = "<group>"; };
		34D88F4B256D2A68009B10AF /* Info.plist */ = {isa = PBXFileReference; lastKnownFileType = text.plist.xml; path = Info.plist; sourceTree = "<group>"; };
		34D88F50256D2A68009B10AF /* VoCapTests.xctest */ = {isa = PBXFileReference; explicitFileType = wrapper.cfbundle; includeInIndex = 0; path = VoCapTests.xctest; sourceTree = BUILT_PRODUCTS_DIR; };
		34D88F54256D2A68009B10AF /* VoCapTests.swift */ = {isa = PBXFileReference; lastKnownFileType = sourcecode.swift; path = VoCapTests.swift; sourceTree = "<group>"; };
		34D88F56256D2A68009B10AF /* Info.plist */ = {isa = PBXFileReference; lastKnownFileType = text.plist.xml; path = Info.plist; sourceTree = "<group>"; };
		34D88F5B256D2A68009B10AF /* VoCapUITests.xctest */ = {isa = PBXFileReference; explicitFileType = wrapper.cfbundle; includeInIndex = 0; path = VoCapUITests.xctest; sourceTree = BUILT_PRODUCTS_DIR; };
		34D88F5F256D2A68009B10AF /* VoCapUITests.swift */ = {isa = PBXFileReference; lastKnownFileType = sourcecode.swift; path = VoCapUITests.swift; sourceTree = "<group>"; };
		34D88F61256D2A68009B10AF /* Info.plist */ = {isa = PBXFileReference; lastKnownFileType = text.plist.xml; path = Info.plist; sourceTree = "<group>"; };
/* End PBXFileReference section */

/* Begin PBXFrameworksBuildPhase section */
		34D88F37256D2A65009B10AF /* Frameworks */ = {
			isa = PBXFrameworksBuildPhase;
			buildActionMask = 2147483647;
			files = (
			);
			runOnlyForDeploymentPostprocessing = 0;
		};
		34D88F4D256D2A68009B10AF /* Frameworks */ = {
			isa = PBXFrameworksBuildPhase;
			buildActionMask = 2147483647;
			files = (
			);
			runOnlyForDeploymentPostprocessing = 0;
		};
		34D88F58256D2A68009B10AF /* Frameworks */ = {
			isa = PBXFrameworksBuildPhase;
			buildActionMask = 2147483647;
			files = (
			);
			runOnlyForDeploymentPostprocessing = 0;
		};
/* End PBXFrameworksBuildPhase section */

/* Begin PBXGroup section */
		340491D625779CC200CD1BD7 /* User Interface */ = {
			isa = PBXGroup;
			children = (
				3404922E2577A24900CD1BD7 /* MainNavigationView.swift */,
				340492362577A28800CD1BD7 /* Tab View */,
			);
			path = "User Interface";
			sourceTree = "<group>";
		};
		340491DF25779CEB00CD1BD7 /* Home */ = {
			isa = PBXGroup;
			children = (
				340491E425779D2C00CD1BD7 /* HomeView.swift */,
			);
			path = Home;
			sourceTree = "<group>";
		};
		340491E125779CF500CD1BD7 /* Labatory */ = {
			isa = PBXGroup;
			children = (
				340491EC25779D3600CD1BD7 /* LabatoryView.swift */,
			);
			path = Labatory;
			sourceTree = "<group>";
		};
		340491E225779CFD00CD1BD7 /* Settings */ = {
			isa = PBXGroup;
			children = (
				340491F125779D4300CD1BD7 /* SettingsView.swift */,
			);
			path = Settings;
			sourceTree = "<group>";
		};
		340491FA25779E6500CD1BD7 /* Lexicala API */ = {
			isa = PBXGroup;
			children = (
				340491FB25779E8000CD1BD7 /* LexicalaAPI.swift */,
				3404921625779FC800CD1BD7 /* LexicalaFetchData.swift */,
				3404920425779F4300CD1BD7 /* Data */,
			);
			path = "Lexicala API";
			sourceTree = "<group>";
		};
		3404920425779F4300CD1BD7 /* Data */ = {
			isa = PBXGroup;
			children = (
				3404920925779F9D00CD1BD7 /* LexicalaEntries.swift */,
				3404921125779FAD00CD1BD7 /* LexicalaEntry.swift */,
			);
			path = Data;
			sourceTree = "<group>";
		};
		340492362577A28800CD1BD7 /* Tab View */ = {
			isa = PBXGroup;
			children = (
				340491D725779CDB00CD1BD7 /* MainTabView.swift */,
				340491DF25779CEB00CD1BD7 /* Home */,
				340491E125779CF500CD1BD7 /* Labatory */,
				340491E225779CFD00CD1BD7 /* Settings */,
			);
			path = "Tab View";
			sourceTree = "<group>";
		};
		34D88F31256D2A65009B10AF = {
			isa = PBXGroup;
			children = (
				340491FA25779E6500CD1BD7 /* Lexicala API */,
				34D88F3C256D2A65009B10AF /* VoCap */,
				34D88F53256D2A68009B10AF /* VoCapTests */,
				34D88F5E256D2A68009B10AF /* VoCapUITests */,
				34D88F3B256D2A65009B10AF /* Products */,
			);
			sourceTree = "<group>";
		};
		34D88F3B256D2A65009B10AF /* Products */ = {
			isa = PBXGroup;
			children = (
				34D88F3A256D2A65009B10AF /* VoCap.app */,
				34D88F50256D2A68009B10AF /* VoCapTests.xctest */,
				34D88F5B256D2A68009B10AF /* VoCapUITests.xctest */,
			);
			name = Products;
			sourceTree = "<group>";
		};
		34D88F3C256D2A65009B10AF /* VoCap */ = {
			isa = PBXGroup;
			children = (
				340491D625779CC200CD1BD7 /* User Interface */,
				34D88F3D256D2A65009B10AF /* VoCapApp.swift */,
				34D88F3F256D2A65009B10AF /* ContentView.swift */,
				34D88F41256D2A68009B10AF /* Assets.xcassets */,
				34D88F46256D2A68009B10AF /* Persistence.swift */,
				34D88F4B256D2A68009B10AF /* Info.plist */,
				34D88F48256D2A68009B10AF /* VoCap.xcdatamodeld */,
				34D88F43256D2A68009B10AF /* Preview Content */,
			);
			path = VoCap;
			sourceTree = "<group>";
		};
		34D88F43256D2A68009B10AF /* Preview Content */ = {
			isa = PBXGroup;
			children = (
				34D88F44256D2A68009B10AF /* Preview Assets.xcassets */,
			);
			path = "Preview Content";
			sourceTree = "<group>";
		};
		34D88F53256D2A68009B10AF /* VoCapTests */ = {
			isa = PBXGroup;
			children = (
				34D88F54256D2A68009B10AF /* VoCapTests.swift */,
				34D88F56256D2A68009B10AF /* Info.plist */,
			);
			path = VoCapTests;
			sourceTree = "<group>";
		};
		34D88F5E256D2A68009B10AF /* VoCapUITests */ = {
			isa = PBXGroup;
			children = (
				34D88F5F256D2A68009B10AF /* VoCapUITests.swift */,
				34D88F61256D2A68009B10AF /* Info.plist */,
			);
			path = VoCapUITests;
			sourceTree = "<group>";
		};
/* End PBXGroup section */

/* Begin PBXNativeTarget section */
		34D88F39256D2A65009B10AF /* VoCap */ = {
			isa = PBXNativeTarget;
			buildConfigurationList = 34D88F64256D2A68009B10AF /* Build configuration list for PBXNativeTarget "VoCap" */;
			buildPhases = (
				34D88F36256D2A65009B10AF /* Sources */,
				34D88F37256D2A65009B10AF /* Frameworks */,
				34D88F38256D2A65009B10AF /* Resources */,
			);
			buildRules = (
			);
			dependencies = (
			);
			name = VoCap;
			productName = VoCap;
			productReference = 34D88F3A256D2A65009B10AF /* VoCap.app */;
			productType = "com.apple.product-type.application";
		};
		34D88F4F256D2A68009B10AF /* VoCapTests */ = {
			isa = PBXNativeTarget;
			buildConfigurationList = 34D88F67256D2A68009B10AF /* Build configuration list for PBXNativeTarget "VoCapTests" */;
			buildPhases = (
				34D88F4C256D2A68009B10AF /* Sources */,
				34D88F4D256D2A68009B10AF /* Frameworks */,
				34D88F4E256D2A68009B10AF /* Resources */,
			);
			buildRules = (
			);
			dependencies = (
				34D88F52256D2A68009B10AF /* PBXTargetDependency */,
			);
			name = VoCapTests;
			productName = VoCapTests;
			productReference = 34D88F50256D2A68009B10AF /* VoCapTests.xctest */;
			productType = "com.apple.product-type.bundle.unit-test";
		};
		34D88F5A256D2A68009B10AF /* VoCapUITests */ = {
			isa = PBXNativeTarget;
			buildConfigurationList = 34D88F6A256D2A68009B10AF /* Build configuration list for PBXNativeTarget "VoCapUITests" */;
			buildPhases = (
				34D88F57256D2A68009B10AF /* Sources */,
				34D88F58256D2A68009B10AF /* Frameworks */,
				34D88F59256D2A68009B10AF /* Resources */,
			);
			buildRules = (
			);
			dependencies = (
				34D88F5D256D2A68009B10AF /* PBXTargetDependency */,
			);
			name = VoCapUITests;
			productName = VoCapUITests;
			productReference = 34D88F5B256D2A68009B10AF /* VoCapUITests.xctest */;
			productType = "com.apple.product-type.bundle.ui-testing";
		};
/* End PBXNativeTarget section */

/* Begin PBXProject section */
		34D88F32256D2A65009B10AF /* Project object */ = {
			isa = PBXProject;
			attributes = {
				LastSwiftUpdateCheck = 1220;
				LastUpgradeCheck = 1220;
				TargetAttributes = {
					34D88F39256D2A65009B10AF = {
						CreatedOnToolsVersion = 12.2;
					};
					34D88F4F256D2A68009B10AF = {
						CreatedOnToolsVersion = 12.2;
						TestTargetID = 34D88F39256D2A65009B10AF;
					};
					34D88F5A256D2A68009B10AF = {
						CreatedOnToolsVersion = 12.2;
						TestTargetID = 34D88F39256D2A65009B10AF;
					};
				};
			};
			buildConfigurationList = 34D88F35256D2A65009B10AF /* Build configuration list for PBXProject "VoCap" */;
			compatibilityVersion = "Xcode 9.3";
			developmentRegion = en;
			hasScannedForEncodings = 0;
			knownRegions = (
				en,
				Base,
			);
			mainGroup = 34D88F31256D2A65009B10AF;
			productRefGroup = 34D88F3B256D2A65009B10AF /* Products */;
			projectDirPath = "";
			projectRoot = "";
			targets = (
				34D88F39256D2A65009B10AF /* VoCap */,
				34D88F4F256D2A68009B10AF /* VoCapTests */,
				34D88F5A256D2A68009B10AF /* VoCapUITests */,
			);
		};
/* End PBXProject section */

/* Begin PBXResourcesBuildPhase section */
		34D88F38256D2A65009B10AF /* Resources */ = {
			isa = PBXResourcesBuildPhase;
			buildActionMask = 2147483647;
			files = (
				34D88F45256D2A68009B10AF /* Preview Assets.xcassets in Resources */,
				34D88F42256D2A68009B10AF /* Assets.xcassets in Resources */,
			);
			runOnlyForDeploymentPostprocessing = 0;
		};
		34D88F4E256D2A68009B10AF /* Resources */ = {
			isa = PBXResourcesBuildPhase;
			buildActionMask = 2147483647;
			files = (
			);
			runOnlyForDeploymentPostprocessing = 0;
		};
		34D88F59256D2A68009B10AF /* Resources */ = {
			isa = PBXResourcesBuildPhase;
			buildActionMask = 2147483647;
			files = (
			);
			runOnlyForDeploymentPostprocessing = 0;
		};
/* End PBXResourcesBuildPhase section */

/* Begin PBXSourcesBuildPhase section */
		34D88F36256D2A65009B10AF /* Sources */ = {
			isa = PBXSourcesBuildPhase;
			buildActionMask = 2147483647;
			files = (
				34D88F47256D2A68009B10AF /* Persistence.swift in Sources */,
				3404921225779FAD00CD1BD7 /* LexicalaEntry.swift in Sources */,
				3404920A25779F9D00CD1BD7 /* LexicalaEntries.swift in Sources */,
				340491F225779D4300CD1BD7 /* SettingsView.swift in Sources */,
				340491ED25779D3600CD1BD7 /* LabatoryView.swift in Sources */,
				340491FC25779E8000CD1BD7 /* LexicalaAPI.swift in Sources */,
				34D88F40256D2A65009B10AF /* ContentView.swift in Sources */,
				34D88F3E256D2A65009B10AF /* VoCapApp.swift in Sources */,
				3404922F2577A24900CD1BD7 /* MainNavigationView.swift in Sources */,
				340491E525779D2C00CD1BD7 /* HomeView.swift in Sources */,
				34D88F4A256D2A68009B10AF /* VoCap.xcdatamodeld in Sources */,
				3404921725779FC800CD1BD7 /* LexicalaFetchData.swift in Sources */,
				340491D825779CDB00CD1BD7 /* MainTabView.swift in Sources */,
			);
			runOnlyForDeploymentPostprocessing = 0;
		};
		34D88F4C256D2A68009B10AF /* Sources */ = {
			isa = PBXSourcesBuildPhase;
			buildActionMask = 2147483647;
			files = (
				34D88F55256D2A68009B10AF /* VoCapTests.swift in Sources */,
			);
			runOnlyForDeploymentPostprocessing = 0;
		};
		34D88F57256D2A68009B10AF /* Sources */ = {
			isa = PBXSourcesBuildPhase;
			buildActionMask = 2147483647;
			files = (
				34D88F60256D2A68009B10AF /* VoCapUITests.swift in Sources */,
			);
			runOnlyForDeploymentPostprocessing = 0;
		};
/* End PBXSourcesBuildPhase section */

/* Begin PBXTargetDependency section */
		34D88F52256D2A68009B10AF /* PBXTargetDependency */ = {
			isa = PBXTargetDependency;
			target = 34D88F39256D2A65009B10AF /* VoCap */;
			targetProxy = 34D88F51256D2A68009B10AF /* PBXContainerItemProxy */;
		};
		34D88F5D256D2A68009B10AF /* PBXTargetDependency */ = {
			isa = PBXTargetDependency;
			target = 34D88F39256D2A65009B10AF /* VoCap */;
			targetProxy = 34D88F5C256D2A68009B10AF /* PBXContainerItemProxy */;
		};
/* End PBXTargetDependency section */

/* Begin XCBuildConfiguration section */
		34D88F62256D2A68009B10AF /* Debug */ = {
			isa = XCBuildConfiguration;
			buildSettings = {
				ALWAYS_SEARCH_USER_PATHS = NO;
				CLANG_ANALYZER_NONNULL = YES;
				CLANG_ANALYZER_NUMBER_OBJECT_CONVERSION = YES_AGGRESSIVE;
				CLANG_CXX_LANGUAGE_STANDARD = "gnu++14";
				CLANG_CXX_LIBRARY = "libc++";
				CLANG_ENABLE_MODULES = YES;
				CLANG_ENABLE_OBJC_ARC = YES;
				CLANG_ENABLE_OBJC_WEAK = YES;
				CLANG_WARN_BLOCK_CAPTURE_AUTORELEASING = YES;
				CLANG_WARN_BOOL_CONVERSION = YES;
				CLANG_WARN_COMMA = YES;
				CLANG_WARN_CONSTANT_CONVERSION = YES;
				CLANG_WARN_DEPRECATED_OBJC_IMPLEMENTATIONS = YES;
				CLANG_WARN_DIRECT_OBJC_ISA_USAGE = YES_ERROR;
				CLANG_WARN_DOCUMENTATION_COMMENTS = YES;
				CLANG_WARN_EMPTY_BODY = YES;
				CLANG_WARN_ENUM_CONVERSION = YES;
				CLANG_WARN_INFINITE_RECURSION = YES;
				CLANG_WARN_INT_CONVERSION = YES;
				CLANG_WARN_NON_LITERAL_NULL_CONVERSION = YES;
				CLANG_WARN_OBJC_IMPLICIT_RETAIN_SELF = YES;
				CLANG_WARN_OBJC_LITERAL_CONVERSION = YES;
				CLANG_WARN_OBJC_ROOT_CLASS = YES_ERROR;
				CLANG_WARN_QUOTED_INCLUDE_IN_FRAMEWORK_HEADER = YES;
				CLANG_WARN_RANGE_LOOP_ANALYSIS = YES;
				CLANG_WARN_STRICT_PROTOTYPES = YES;
				CLANG_WARN_SUSPICIOUS_MOVE = YES;
				CLANG_WARN_UNGUARDED_AVAILABILITY = YES_AGGRESSIVE;
				CLANG_WARN_UNREACHABLE_CODE = YES;
				CLANG_WARN__DUPLICATE_METHOD_MATCH = YES;
				COPY_PHASE_STRIP = NO;
				DEBUG_INFORMATION_FORMAT = dwarf;
				ENABLE_STRICT_OBJC_MSGSEND = YES;
				ENABLE_TESTABILITY = YES;
				GCC_C_LANGUAGE_STANDARD = gnu11;
				GCC_DYNAMIC_NO_PIC = NO;
				GCC_NO_COMMON_BLOCKS = YES;
				GCC_OPTIMIZATION_LEVEL = 0;
				GCC_PREPROCESSOR_DEFINITIONS = (
					"DEBUG=1",
					"$(inherited)",
				);
				GCC_WARN_64_TO_32_BIT_CONVERSION = YES;
				GCC_WARN_ABOUT_RETURN_TYPE = YES_ERROR;
				GCC_WARN_UNDECLARED_SELECTOR = YES;
				GCC_WARN_UNINITIALIZED_AUTOS = YES_AGGRESSIVE;
				GCC_WARN_UNUSED_FUNCTION = YES;
				GCC_WARN_UNUSED_VARIABLE = YES;
				IPHONEOS_DEPLOYMENT_TARGET = 14.2;
				MTL_ENABLE_DEBUG_INFO = INCLUDE_SOURCE;
				MTL_FAST_MATH = YES;
				ONLY_ACTIVE_ARCH = YES;
				SDKROOT = iphoneos;
				SWIFT_ACTIVE_COMPILATION_CONDITIONS = DEBUG;
				SWIFT_OPTIMIZATION_LEVEL = "-Onone";
			};
			name = Debug;
		};
		34D88F63256D2A68009B10AF /* Release */ = {
			isa = XCBuildConfiguration;
			buildSettings = {
				ALWAYS_SEARCH_USER_PATHS = NO;
				CLANG_ANALYZER_NONNULL = YES;
				CLANG_ANALYZER_NUMBER_OBJECT_CONVERSION = YES_AGGRESSIVE;
				CLANG_CXX_LANGUAGE_STANDARD = "gnu++14";
				CLANG_CXX_LIBRARY = "libc++";
				CLANG_ENABLE_MODULES = YES;
				CLANG_ENABLE_OBJC_ARC = YES;
				CLANG_ENABLE_OBJC_WEAK = YES;
				CLANG_WARN_BLOCK_CAPTURE_AUTORELEASING = YES;
				CLANG_WARN_BOOL_CONVERSION = YES;
				CLANG_WARN_COMMA = YES;
				CLANG_WARN_CONSTANT_CONVERSION = YES;
				CLANG_WARN_DEPRECATED_OBJC_IMPLEMENTATIONS = YES;
				CLANG_WARN_DIRECT_OBJC_ISA_USAGE = YES_ERROR;
				CLANG_WARN_DOCUMENTATION_COMMENTS = YES;
				CLANG_WARN_EMPTY_BODY = YES;
				CLANG_WARN_ENUM_CONVERSION = YES;
				CLANG_WARN_INFINITE_RECURSION = YES;
				CLANG_WARN_INT_CONVERSION = YES;
				CLANG_WARN_NON_LITERAL_NULL_CONVERSION = YES;
				CLANG_WARN_OBJC_IMPLICIT_RETAIN_SELF = YES;
				CLANG_WARN_OBJC_LITERAL_CONVERSION = YES;
				CLANG_WARN_OBJC_ROOT_CLASS = YES_ERROR;
				CLANG_WARN_QUOTED_INCLUDE_IN_FRAMEWORK_HEADER = YES;
				CLANG_WARN_RANGE_LOOP_ANALYSIS = YES;
				CLANG_WARN_STRICT_PROTOTYPES = YES;
				CLANG_WARN_SUSPICIOUS_MOVE = YES;
				CLANG_WARN_UNGUARDED_AVAILABILITY = YES_AGGRESSIVE;
				CLANG_WARN_UNREACHABLE_CODE = YES;
				CLANG_WARN__DUPLICATE_METHOD_MATCH = YES;
				COPY_PHASE_STRIP = NO;
				DEBUG_INFORMATION_FORMAT = "dwarf-with-dsym";
				ENABLE_NS_ASSERTIONS = NO;
				ENABLE_STRICT_OBJC_MSGSEND = YES;
				GCC_C_LANGUAGE_STANDARD = gnu11;
				GCC_NO_COMMON_BLOCKS = YES;
				GCC_WARN_64_TO_32_BIT_CONVERSION = YES;
				GCC_WARN_ABOUT_RETURN_TYPE = YES_ERROR;
				GCC_WARN_UNDECLARED_SELECTOR = YES;
				GCC_WARN_UNINITIALIZED_AUTOS = YES_AGGRESSIVE;
				GCC_WARN_UNUSED_FUNCTION = YES;
				GCC_WARN_UNUSED_VARIABLE = YES;
				IPHONEOS_DEPLOYMENT_TARGET = 14.2;
				MTL_ENABLE_DEBUG_INFO = NO;
				MTL_FAST_MATH = YES;
				SDKROOT = iphoneos;
				SWIFT_COMPILATION_MODE = wholemodule;
				SWIFT_OPTIMIZATION_LEVEL = "-O";
				VALIDATE_PRODUCT = YES;
			};
			name = Release;
		};
		34D88F65256D2A68009B10AF /* Debug */ = {
			isa = XCBuildConfiguration;
			buildSettings = {
				ASSETCATALOG_COMPILER_APPICON_NAME = AppIcon;
				ASSETCATALOG_COMPILER_GLOBAL_ACCENT_COLOR_NAME = AccentColor;
				CODE_SIGN_STYLE = Automatic;
				DEVELOPMENT_ASSET_PATHS = "\"VoCap/Preview Content\"";
				DEVELOPMENT_TEAM = LGU69RG34G;
				ENABLE_PREVIEWS = YES;
				INFOPLIST_FILE = VoCap/Info.plist;
				IPHONEOS_DEPLOYMENT_TARGET = 14.0;
				LD_RUNPATH_SEARCH_PATHS = (
					"$(inherited)",
					"@executable_path/Frameworks",
				);
				PRODUCT_BUNDLE_IDENTIFIER = com.Taeminator.VoCap;
				PRODUCT_NAME = "$(TARGET_NAME)";
				SWIFT_VERSION = 5.0;
				TARGETED_DEVICE_FAMILY = "1,2";
			};
			name = Debug;
		};
		34D88F66256D2A68009B10AF /* Release */ = {
			isa = XCBuildConfiguration;
			buildSettings = {
				ASSETCATALOG_COMPILER_APPICON_NAME = AppIcon;
				ASSETCATALOG_COMPILER_GLOBAL_ACCENT_COLOR_NAME = AccentColor;
				CODE_SIGN_STYLE = Automatic;
				DEVELOPMENT_ASSET_PATHS = "\"VoCap/Preview Content\"";
				DEVELOPMENT_TEAM = LGU69RG34G;
				ENABLE_PREVIEWS = YES;
				INFOPLIST_FILE = VoCap/Info.plist;
				IPHONEOS_DEPLOYMENT_TARGET = 14.0;
				LD_RUNPATH_SEARCH_PATHS = (
					"$(inherited)",
					"@executable_path/Frameworks",
				);
				PRODUCT_BUNDLE_IDENTIFIER = com.Taeminator.VoCap;
				PRODUCT_NAME = "$(TARGET_NAME)";
				SWIFT_VERSION = 5.0;
				TARGETED_DEVICE_FAMILY = "1,2";
			};
			name = Release;
		};
		34D88F68256D2A68009B10AF /* Debug */ = {
			isa = XCBuildConfiguration;
			buildSettings = {
				ALWAYS_EMBED_SWIFT_STANDARD_LIBRARIES = YES;
				BUNDLE_LOADER = "$(TEST_HOST)";
				CODE_SIGN_STYLE = Automatic;
				DEVELOPMENT_TEAM = LGU69RG34G;
				INFOPLIST_FILE = VoCapTests/Info.plist;
				IPHONEOS_DEPLOYMENT_TARGET = 14.0;
				LD_RUNPATH_SEARCH_PATHS = (
					"$(inherited)",
					"@executable_path/Frameworks",
					"@loader_path/Frameworks",
				);
				PRODUCT_BUNDLE_IDENTIFIER = com.Taeminator.VoCapTests;
				PRODUCT_NAME = "$(TARGET_NAME)";
				SWIFT_VERSION = 5.0;
				TARGETED_DEVICE_FAMILY = "1,2";
				TEST_HOST = "$(BUILT_PRODUCTS_DIR)/VoCap.app/VoCap";
			};
			name = Debug;
		};
		34D88F69256D2A68009B10AF /* Release */ = {
			isa = XCBuildConfiguration;
			buildSettings = {
				ALWAYS_EMBED_SWIFT_STANDARD_LIBRARIES = YES;
				BUNDLE_LOADER = "$(TEST_HOST)";
				CODE_SIGN_STYLE = Automatic;
				DEVELOPMENT_TEAM = LGU69RG34G;
				INFOPLIST_FILE = VoCapTests/Info.plist;
				IPHONEOS_DEPLOYMENT_TARGET = 14.0;
				LD_RUNPATH_SEARCH_PATHS = (
					"$(inherited)",
					"@executable_path/Frameworks",
					"@loader_path/Frameworks",
				);
				PRODUCT_BUNDLE_IDENTIFIER = com.Taeminator.VoCapTests;
				PRODUCT_NAME = "$(TARGET_NAME)";
				SWIFT_VERSION = 5.0;
				TARGETED_DEVICE_FAMILY = "1,2";
				TEST_HOST = "$(BUILT_PRODUCTS_DIR)/VoCap.app/VoCap";
			};
			name = Release;
		};
		34D88F6B256D2A68009B10AF /* Debug */ = {
			isa = XCBuildConfiguration;
			buildSettings = {
				ALWAYS_EMBED_SWIFT_STANDARD_LIBRARIES = YES;
				CODE_SIGN_STYLE = Automatic;
				DEVELOPMENT_TEAM = LGU69RG34G;
				INFOPLIST_FILE = VoCapUITests/Info.plist;
				LD_RUNPATH_SEARCH_PATHS = (
					"$(inherited)",
					"@executable_path/Frameworks",
					"@loader_path/Frameworks",
				);
				PRODUCT_BUNDLE_IDENTIFIER = com.Taeminator.VoCapUITests;
				PRODUCT_NAME = "$(TARGET_NAME)";
				SWIFT_VERSION = 5.0;
				TARGETED_DEVICE_FAMILY = "1,2";
				TEST_TARGET_NAME = VoCap;
			};
			name = Debug;
		};
		34D88F6C256D2A68009B10AF /* Release */ = {
			isa = XCBuildConfiguration;
			buildSettings = {
				ALWAYS_EMBED_SWIFT_STANDARD_LIBRARIES = YES;
				CODE_SIGN_STYLE = Automatic;
				DEVELOPMENT_TEAM = LGU69RG34G;
				INFOPLIST_FILE = VoCapUITests/Info.plist;
				LD_RUNPATH_SEARCH_PATHS = (
					"$(inherited)",
					"@executable_path/Frameworks",
					"@loader_path/Frameworks",
				);
				PRODUCT_BUNDLE_IDENTIFIER = com.Taeminator.VoCapUITests;
				PRODUCT_NAME = "$(TARGET_NAME)";
				SWIFT_VERSION = 5.0;
				TARGETED_DEVICE_FAMILY = "1,2";
				TEST_TARGET_NAME = VoCap;
			};
			name = Release;
		};
/* End XCBuildConfiguration section */

/* Begin XCConfigurationList section */
		34D88F35256D2A65009B10AF /* Build configuration list for PBXProject "VoCap" */ = {
			isa = XCConfigurationList;
			buildConfigurations = (
				34D88F62256D2A68009B10AF /* Debug */,
				34D88F63256D2A68009B10AF /* Release */,
			);
			defaultConfigurationIsVisible = 0;
			defaultConfigurationName = Release;
		};
		34D88F64256D2A68009B10AF /* Build configuration list for PBXNativeTarget "VoCap" */ = {
			isa = XCConfigurationList;
			buildConfigurations = (
				34D88F65256D2A68009B10AF /* Debug */,
				34D88F66256D2A68009B10AF /* Release */,
			);
			defaultConfigurationIsVisible = 0;
			defaultConfigurationName = Release;
		};
		34D88F67256D2A68009B10AF /* Build configuration list for PBXNativeTarget "VoCapTests" */ = {
			isa = XCConfigurationList;
			buildConfigurations = (
				34D88F68256D2A68009B10AF /* Debug */,
				34D88F69256D2A68009B10AF /* Release */,
			);
			defaultConfigurationIsVisible = 0;
			defaultConfigurationName = Release;
		};
		34D88F6A256D2A68009B10AF /* Build configuration list for PBXNativeTarget "VoCapUITests" */ = {
			isa = XCConfigurationList;
			buildConfigurations = (
				34D88F6B256D2A68009B10AF /* Debug */,
				34D88F6C256D2A68009B10AF /* Release */,
			);
			defaultConfigurationIsVisible = 0;
			defaultConfigurationName = Release;
		};
/* End XCConfigurationList section */

/* Begin XCVersionGroup section */
		34D88F48256D2A68009B10AF /* VoCap.xcdatamodeld */ = {
			isa = XCVersionGroup;
			children = (
				34D88F49256D2A68009B10AF /* VoCap.xcdatamodel */,
			);
			currentVersion = 34D88F49256D2A68009B10AF /* VoCap.xcdatamodel */;
			path = VoCap.xcdatamodeld;
			sourceTree = "<group>";
			versionGroupType = wrapper.xcdatamodel;
		};
/* End XCVersionGroup section */
	};
	rootObject = 34D88F32256D2A65009B10AF /* Project object */;
}
